
Microsoft Visual Studio Solution File, Format Version 12.00
# Visual Studio Version 16
VisualStudioVersion = 16.0.29318.209
MinimumVisualStudioVersion = 10.0.40219.1
Project("{9A19103F-16F7-4668-BE54-9A1E7A4F7556}") = "TwitchApi.Net", "TwitchApi.Net\TwitchApi.Net.csproj", "{1D668C7C-7FCC-409A-8B30-748F84F24FCD}"
EndProject
Global
	GlobalSection(SolutionConfigurationPlatforms) = preSolution
		Debug|Any CPU = Debug|Any CPU
		Release|Any CPU = Release|Any CPU
	EndGlobalSection
	GlobalSection(ProjectConfigurationPlatforms) = postSolution
		{1D668C7C-7FCC-409A-8B30-748F84F24FCD}.Debug|Any CPU.ActiveCfg = Debug|Any CPU
		{1D668C7C-7FCC-409A-8B30-748F84F24FCD}.Debug|Any CPU.Build.0 = Debug|Any CPU
		{1D668C7C-7FCC-409A-8B30-748F84F24FCD}.Release|Any CPU.ActiveCfg = Release|Any CPU
		{1D668C7C-7FCC-409A-8B30-748F84F24FCD}.Release|Any CPU.Build.0 = Release|Any CPU
	EndGlobalSection
	GlobalSection(SolutionProperties) = preSolution
		HideSolutionNode = FALSE
	EndGlobalSection
	GlobalSection(ExtensibilityGlobals) = postSolution
		SolutionGuid = {19A49630-0402-4614-A19C-09620D156654}
	EndGlobalSection
EndGlobal
